{
  "originHash" : "116285eefcf890ada318918b7b418e78bb2d56f7c021769aad80e9ed219a3857",
  "pins" : [
    {
      "identity" : "capacitor-swift-pm",
      "kind" : "remoteSourceControl",
      "location" : "https://github.com/ionic-team/capacitor-swift-pm.git",
      "state" : {
        "revision" : "0b6882e9a3288342aacf36348e5a94e4f1dd7b13",
        "version" : "8.5.2"
      }
    },
    {
      "identity" : "levelplay-swift-package",
      "kind" : "remoteSourceControl",
      "location" : "https://github.com/ironsource-mobile/LevelPlay-Swift-Package",
      "state" : {
        "revision" : "3093cf731af059a3819ef62c4c0dafe34e8e2d28",
        "version" : "9.6.0"
      }
    },
    {
      "identity" : "levelplay-unityads-adapter-swift-package",
      "kind" : "remoteSourceControl",
      "location" : "https://github.com/ironsource-mobile/LevelPlay-UnityAds-Adapter-Swift-Package",
      "state" : {
        "revision" : "bf19c282ceec630d9b94f2a1fb0bfeaf322d7732",
        "version" : "5.11.0"
      }
    },
    {
      "identity" : "unity-ad-quality-swift-package",
      "kind" : "remoteSourceControl",
      "location" : "https://github.com/ironsource-mobile/Unity-Ad-Quality-Swift-Package",
      "state" : {
        "revision" : "7b67cefa586b09e95df54413b48e907c6649e4ca",
        "version" : "9.9.0"
      }
    },
    {
      "identity" : "unity-ads-swift-package",
      "kind" : "remoteSourceControl",
      "location" : "https://github.com/Unity-Technologies/Unity-Ads-Swift-Package",
      "state" : {
        "revision" : "589ebfb7a28cc9171856ced7a9429d9770ec31a5",
        "version" : "4.20.0"
      }
    }
  ],
  "version" : 3
}
